
Microsoft Visual Studio Solution File, Format Version 12.00
# Visual Studio Version 17
VisualStudioVersion = 17.2.32526.322
MinimumVisualStudioVersion = 10.0.40219.1
Project("{9A19103F-16F7-4668-BE54-9A1E7A4F7556}") = "Examle1", "Examle1\Examle1.csproj", "{81DEF5AD-39F8-4930-81D1-194E8B69BBAB}"
EndProject
Project("{9A19103F-16F7-4668-BE54-9A1E7A4F7556}") = "XUnit_Example1.Tests", "Example1.Tests\XUnit_Example1.Tests.csproj", "{FB546CE7-FCE1-4AFB-8F19-3298B9654C93}"
EndProject
Project("{2150E333-8FDC-42A3-9474-1A3956D46DE8}") = "1_KindFramework", "1_KindFramework", "{17BE8624-8EF6-4AEE-89BC-9B9471BF5146}"
EndProject
Project("{9A19103F-16F7-4668-BE54-9A1E7A4F7556}") = "MsTestExamle1.Tests", "MsTestExamle1.Tests\MsTestExamle1.Tests.csproj", "{20217D98-F6D5-447B-B1D7-37D5165EE89C}"
EndProject
Project("{9A19103F-16F7-4668-BE54-9A1E7A4F7556}") = "NUnit_Example1.Tests", "NUnit_Example1.Tests\NUnit_Example1.Tests.csproj", "{B0896EC4-6379-4E15-8E9F-BF0D93915E9C}"
EndProject
Project("{2150E333-8FDC-42A3-9474-1A3956D46DE8}") = "2_MoreXUnit", "2_MoreXUnit", "{0A5A330E-7D3F-4E30-B261-4F9D188F6681}"
EndProject
Project("{9A19103F-16F7-4668-BE54-9A1E7A4F7556}") = "Example2", "Example2\Example2.csproj", "{EE631203-2486-4440-872B-96F289C98700}"
EndProject
Project("{9A19103F-16F7-4668-BE54-9A1E7A4F7556}") = "Example2.Tests", "Example2.Tests\Example2.Tests.csproj", "{C8BF41E5-FEC3-4ECF-81AE-66D1E4552782}"
EndProject
Project("{2150E333-8FDC-42A3-9474-1A3956D46DE8}") = "3_Mock", "3_Mock", "{43572D83-E9D4-446D-8657-32F987DA54A8}"
EndProject
Project("{9A19103F-16F7-4668-BE54-9A1E7A4F7556}") = "Example3", "Example3\Example3.csproj", "{4A41F75E-2464-4A73-8BBE-17BD78517591}"
EndProject
Project("{9A19103F-16F7-4668-BE54-9A1E7A4F7556}") = "Example3.Tests", "Example3.Tests\Example3.Tests.csproj", "{8E9A3483-17AA-4CC2-9FEE-F1CD335CB9CD}"
EndProject
Project("{2150E333-8FDC-42A3-9474-1A3956D46DE8}") = "Web", "Web", "{78BEC051-C6B0-45F1-B569-06D7F281C120}"
EndProject
Project("{9A19103F-16F7-4668-BE54-9A1E7A4F7556}") = "Example4", "Example4\Example4.csproj", "{75125E9F-7561-4344-9FE3-3555771834A4}"
EndProject
Project("{FAE04EC0-301F-11D3-BF4B-00C04F79EFBC}") = "Example4.Tests", "Example4.Tests\Example4.Tests.csproj", "{F52A9AC7-FA3C-41AF-8655-5CD3D6D4E498}"
EndProject
Global
	GlobalSection(SolutionConfigurationPlatforms) = preSolution
		Debug|Any CPU = Debug|Any CPU
		Release|Any CPU = Release|Any CPU
	EndGlobalSection
	GlobalSection(ProjectConfigurationPlatforms) = postSolution
		{81DEF5AD-39F8-4930-81D1-194E8B69BBAB}.Debug|Any CPU.ActiveCfg = Debug|Any CPU
		{81DEF5AD-39F8-4930-81D1-194E8B69BBAB}.Debug|Any CPU.Build.0 = Debug|Any CPU
		{81DEF5AD-39F8-4930-81D1-194E8B69BBAB}.Release|Any CPU.ActiveCfg = Release|Any CPU
		{81DEF5AD-39F8-4930-81D1-194E8B69BBAB}.Release|Any CPU.Build.0 = Release|Any CPU
		{FB546CE7-FCE1-4AFB-8F19-3298B9654C93}.Debug|Any CPU.ActiveCfg = Debug|Any CPU
		{FB546CE7-FCE1-4AFB-8F19-3298B9654C93}.Debug|Any CPU.Build.0 = Debug|Any CPU
		{FB546CE7-FCE1-4AFB-8F19-3298B9654C93}.Release|Any CPU.ActiveCfg = Release|Any CPU
		{FB546CE7-FCE1-4AFB-8F19-3298B9654C93}.Release|Any CPU.Build.0 = Release|Any CPU
		{20217D98-F6D5-447B-B1D7-37D5165EE89C}.Debug|Any CPU.ActiveCfg = Debug|Any CPU
		{20217D98-F6D5-447B-B1D7-37D5165EE89C}.Debug|Any CPU.Build.0 = Debug|Any CPU
		{20217D98-F6D5-447B-B1D7-37D5165EE89C}.Release|Any CPU.ActiveCfg = Release|Any CPU
		{20217D98-F6D5-447B-B1D7-37D5165EE89C}.Release|Any CPU.Build.0 = Release|Any CPU
		{B0896EC4-6379-4E15-8E9F-BF0D93915E9C}.Debug|Any CPU.ActiveCfg = Debug|Any CPU
		{B0896EC4-6379-4E15-8E9F-BF0D93915E9C}.Debug|Any CPU.Build.0 = Debug|Any CPU
		{B0896EC4-6379-4E15-8E9F-BF0D93915E9C}.Release|Any CPU.ActiveCfg = Release|Any CPU
		{B0896EC4-6379-4E15-8E9F-BF0D93915E9C}.Release|Any CPU.Build.0 = Release|Any CPU
		{EE631203-2486-4440-872B-96F289C98700}.Debug|Any CPU.ActiveCfg = Debug|Any CPU
		{EE631203-2486-4440-872B-96F289C98700}.Debug|Any CPU.Build.0 = Debug|Any CPU
		{EE631203-2486-4440-872B-96F289C98700}.Release|Any CPU.ActiveCfg = Release|Any CPU
		{EE631203-2486-4440-872B-96F289C98700}.Release|Any CPU.Build.0 = Release|Any CPU
		{C8BF41E5-FEC3-4ECF-81AE-66D1E4552782}.Debug|Any CPU.ActiveCfg = Debug|Any CPU
		{C8BF41E5-FEC3-4ECF-81AE-66D1E4552782}.Debug|Any CPU.Build.0 = Debug|Any CPU
		{C8BF41E5-FEC3-4ECF-81AE-66D1E4552782}.Release|Any CPU.ActiveCfg = Release|Any CPU
		{C8BF41E5-FEC3-4ECF-81AE-66D1E4552782}.Release|Any CPU.Build.0 = Release|Any CPU
		{4A41F75E-2464-4A73-8BBE-17BD78517591}.Debug|Any CPU.ActiveCfg = Debug|Any CPU
		{4A41F75E-2464-4A73-8BBE-17BD78517591}.Debug|Any CPU.Build.0 = Debug|Any CPU
		{4A41F75E-2464-4A73-8BBE-17BD78517591}.Release|Any CPU.ActiveCfg = Release|Any CPU
		{4A41F75E-2464-4A73-8BBE-17BD78517591}.Release|Any CPU.Build.0 = Release|Any CPU
		{8E9A3483-17AA-4CC2-9FEE-F1CD335CB9CD}.Debug|Any CPU.ActiveCfg = Debug|Any CPU
		{8E9A3483-17AA-4CC2-9FEE-F1CD335CB9CD}.Debug|Any CPU.Build.0 = Debug|Any CPU
		{8E9A3483-17AA-4CC2-9FEE-F1CD335CB9CD}.Release|Any CPU.ActiveCfg = Release|Any CPU
		{8E9A3483-17AA-4CC2-9FEE-F1CD335CB9CD}.Release|Any CPU.Build.0 = Release|Any CPU
		{75125E9F-7561-4344-9FE3-3555771834A4}.Debug|Any CPU.ActiveCfg = Debug|Any CPU
		{75125E9F-7561-4344-9FE3-3555771834A4}.Debug|Any CPU.Build.0 = Debug|Any CPU
		{75125E9F-7561-4344-9FE3-3555771834A4}.Release|Any CPU.ActiveCfg = Release|Any CPU
		{75125E9F-7561-4344-9FE3-3555771834A4}.Release|Any CPU.Build.0 = Release|Any CPU
		{F52A9AC7-FA3C-41AF-8655-5CD3D6D4E498}.Debug|Any CPU.ActiveCfg = Debug|Any CPU
		{F52A9AC7-FA3C-41AF-8655-5CD3D6D4E498}.Debug|Any CPU.Build.0 = Debug|Any CPU
		{F52A9AC7-FA3C-41AF-8655-5CD3D6D4E498}.Release|Any CPU.ActiveCfg = Release|Any CPU
		{F52A9AC7-FA3C-41AF-8655-5CD3D6D4E498}.Release|Any CPU.Build.0 = Release|Any CPU
	EndGlobalSection
	GlobalSection(SolutionProperties) = preSolution
		HideSolutionNode = FALSE
	EndGlobalSection
	GlobalSection(NestedProjects) = preSolution
		{81DEF5AD-39F8-4930-81D1-194E8B69BBAB} = {17BE8624-8EF6-4AEE-89BC-9B9471BF5146}
		{FB546CE7-FCE1-4AFB-8F19-3298B9654C93} = {17BE8624-8EF6-4AEE-89BC-9B9471BF5146}
		{20217D98-F6D5-447B-B1D7-37D5165EE89C} = {17BE8624-8EF6-4AEE-89BC-9B9471BF5146}
		{B0896EC4-6379-4E15-8E9F-BF0D93915E9C} = {17BE8624-8EF6-4AEE-89BC-9B9471BF5146}
		{EE631203-2486-4440-872B-96F289C98700} = {0A5A330E-7D3F-4E30-B261-4F9D188F6681}
		{C8BF41E5-FEC3-4ECF-81AE-66D1E4552782} = {0A5A330E-7D3F-4E30-B261-4F9D188F6681}
		{4A41F75E-2464-4A73-8BBE-17BD78517591} = {43572D83-E9D4-446D-8657-32F987DA54A8}
		{8E9A3483-17AA-4CC2-9FEE-F1CD335CB9CD} = {43572D83-E9D4-446D-8657-32F987DA54A8}
		{75125E9F-7561-4344-9FE3-3555771834A4} = {78BEC051-C6B0-45F1-B569-06D7F281C120}
		{F52A9AC7-FA3C-41AF-8655-5CD3D6D4E498} = {78BEC051-C6B0-45F1-B569-06D7F281C120}
	EndGlobalSection
	GlobalSection(ExtensibilityGlobals) = postSolution
		SolutionGuid = {B20C0A81-D635-4158-BAD2-8D3571D3CB27}
	EndGlobalSection
EndGlobal
